
Microsoft Visual Studio Solution File, Format Version 12.00
# Visual Studio Version 17
VisualStudioVersion = 17.9.34607.119
MinimumVisualStudioVersion = 10.0.40219.1
Project("{FAE04EC0-301F-11D3-BF4B-00C04F79EFBC}") = "Lab1Ex9", "Lab1Ex9\Lab1Ex9.csproj", "{DDC3DA5F-1327-472A-B984-2801D3295F64}"
EndProject
Global
	GlobalSection(SolutionConfigurationPlatforms) = preSolution
		Debug|Any CPU = Debug|Any CPU
		Release|Any CPU = Release|Any CPU
	EndGlobalSection
	GlobalSection(ProjectConfigurationPlatforms) = postSolution
		{DDC3DA5F-1327-472A-B984-2801D3295F64}.Debug|Any CPU.ActiveCfg = Debug|Any CPU
		{DDC3DA5F-1327-472A-B984-2801D3295F64}.Debug|Any CPU.Build.0 = Debug|Any CPU
		{DDC3DA5F-1327-472A-B984-2801D3295F64}.Release|Any CPU.ActiveCfg = Release|Any CPU
		{DDC3DA5F-1327-472A-B984-2801D3295F64}.Release|Any CPU.Build.0 = Release|Any CPU
	EndGlobalSection
	GlobalSection(SolutionProperties) = preSolution
		HideSolutionNode = FALSE
	EndGlobalSection
	GlobalSection(ExtensibilityGlobals) = postSolution
		SolutionGuid = {3899A9AC-E63A-4C65-9463-933B7FDA504D}
	EndGlobalSection
EndGlobal
