
Microsoft Visual Studio Solution File, Format Version 12.00
# Visual Studio Version 17
VisualStudioVersion = 17.9.34607.119
MinimumVisualStudioVersion = 10.0.40219.1
Project("{FAE04EC0-301F-11D3-BF4B-00C04F79EFBC}") = "Lab1Ex7", "Lab1Ex7\Lab1Ex7.csproj", "{DC1CE76F-176C-43F1-B644-F695F900C0DA}"
EndProject
Global
	GlobalSection(SolutionConfigurationPlatforms) = preSolution
		Debug|Any CPU = Debug|Any CPU
		Release|Any CPU = Release|Any CPU
	EndGlobalSection
	GlobalSection(ProjectConfigurationPlatforms) = postSolution
		{DC1CE76F-176C-43F1-B644-F695F900C0DA}.Debug|Any CPU.ActiveCfg = Debug|Any CPU
		{DC1CE76F-176C-43F1-B644-F695F900C0DA}.Debug|Any CPU.Build.0 = Debug|Any CPU
		{DC1CE76F-176C-43F1-B644-F695F900C0DA}.Release|Any CPU.ActiveCfg = Release|Any CPU
		{DC1CE76F-176C-43F1-B644-F695F900C0DA}.Release|Any CPU.Build.0 = Release|Any CPU
	EndGlobalSection
	GlobalSection(SolutionProperties) = preSolution
		HideSolutionNode = FALSE
	EndGlobalSection
	GlobalSection(ExtensibilityGlobals) = postSolution
		SolutionGuid = {137DC01F-BD0F-451D-BF35-E5DBBA4545E9}
	EndGlobalSection
EndGlobal
