
Microsoft Visual Studio Solution File, Format Version 12.00
# Visual Studio Version 17
VisualStudioVersion = 17.9.34607.119
MinimumVisualStudioVersion = 10.0.40219.1
Project("{FAE04EC0-301F-11D3-BF4B-00C04F79EFBC}") = "Lab1Ex6", "Lab1Ex6\Lab1Ex6.csproj", "{15B73490-ADD7-4226-A816-D7281E236AED}"
EndProject
Global
	GlobalSection(SolutionConfigurationPlatforms) = preSolution
		Debug|Any CPU = Debug|Any CPU
		Release|Any CPU = Release|Any CPU
	EndGlobalSection
	GlobalSection(ProjectConfigurationPlatforms) = postSolution
		{15B73490-ADD7-4226-A816-D7281E236AED}.Debug|Any CPU.ActiveCfg = Debug|Any CPU
		{15B73490-ADD7-4226-A816-D7281E236AED}.Debug|Any CPU.Build.0 = Debug|Any CPU
		{15B73490-ADD7-4226-A816-D7281E236AED}.Release|Any CPU.ActiveCfg = Release|Any CPU
		{15B73490-ADD7-4226-A816-D7281E236AED}.Release|Any CPU.Build.0 = Release|Any CPU
	EndGlobalSection
	GlobalSection(SolutionProperties) = preSolution
		HideSolutionNode = FALSE
	EndGlobalSection
	GlobalSection(ExtensibilityGlobals) = postSolution
		SolutionGuid = {95E2EDDA-7A93-4DA3-9F1D-01E40B9F6E13}
	EndGlobalSection
EndGlobal
