
Microsoft Visual Studio Solution File, Format Version 12.00
# Visual Studio Version 17
VisualStudioVersion = 17.9.34607.119
MinimumVisualStudioVersion = 10.0.40219.1
Project("{FAE04EC0-301F-11D3-BF4B-00C04F79EFBC}") = "Lab1Ex5", "Lab1Ex5\Lab1Ex5.csproj", "{7CE7F418-A421-4AC9-B916-3D386B039D4F}"
EndProject
Global
	GlobalSection(SolutionConfigurationPlatforms) = preSolution
		Debug|Any CPU = Debug|Any CPU
		Release|Any CPU = Release|Any CPU
	EndGlobalSection
	GlobalSection(ProjectConfigurationPlatforms) = postSolution
		{7CE7F418-A421-4AC9-B916-3D386B039D4F}.Debug|Any CPU.ActiveCfg = Debug|Any CPU
		{7CE7F418-A421-4AC9-B916-3D386B039D4F}.Debug|Any CPU.Build.0 = Debug|Any CPU
		{7CE7F418-A421-4AC9-B916-3D386B039D4F}.Release|Any CPU.ActiveCfg = Release|Any CPU
		{7CE7F418-A421-4AC9-B916-3D386B039D4F}.Release|Any CPU.Build.0 = Release|Any CPU
	EndGlobalSection
	GlobalSection(SolutionProperties) = preSolution
		HideSolutionNode = FALSE
	EndGlobalSection
	GlobalSection(ExtensibilityGlobals) = postSolution
		SolutionGuid = {65F09359-FEF5-4545-8089-9B14890EC092}
	EndGlobalSection
EndGlobal
